
Microsoft Visual Studio Solution File, Format Version 12.00
# Visual Studio 15
VisualStudioVersion = 15.0.27703.2026
MinimumVisualStudioVersion = 10.0.40219.1
Project("{8BC9CEB8-8B4A-11D0-8D11-00A0C91BC942}") = "fibonacci", "fibonacci\fibonacci.vcxproj", "{2866FD6E-9611-4D61-9E4E-E7041348ACCD}"
EndProject
Global
	GlobalSection(SolutionConfigurationPlatforms) = preSolution
		Debug|x64 = Debug|x64
		Debug|x86 = Debug|x86
		Release|x64 = Release|x64
		Release|x86 = Release|x86
	EndGlobalSection
	GlobalSection(ProjectConfigurationPlatforms) = postSolution
		{2866FD6E-9611-4D61-9E4E-E7041348ACCD}.Debug|x64.ActiveCfg = Debug|x64
		{2866FD6E-9611-4D61-9E4E-E7041348ACCD}.Debug|x64.Build.0 = Debug|x64
		{2866FD6E-9611-4D61-9E4E-E7041348ACCD}.Debug|x86.ActiveCfg = Debug|Win32
		{2866FD6E-9611-4D61-9E4E-E7041348ACCD}.Debug|x86.Build.0 = Debug|Win32
		{2866FD6E-9611-4D61-9E4E-E7041348ACCD}.Release|x64.ActiveCfg = Release|x64
		{2866FD6E-9611-4D61-9E4E-E7041348ACCD}.Release|x64.Build.0 = Release|x64
		{2866FD6E-9611-4D61-9E4E-E7041348ACCD}.Release|x86.ActiveCfg = Release|Win32
		{2866FD6E-9611-4D61-9E4E-E7041348ACCD}.Release|x86.Build.0 = Release|Win32
	EndGlobalSection
	GlobalSection(SolutionProperties) = preSolution
		HideSolutionNode = FALSE
	EndGlobalSection
	GlobalSection(ExtensibilityGlobals) = postSolution
		SolutionGuid = {D2DFE69F-2D6C-49CC-870D-5A4B439C488A}
	EndGlobalSection
EndGlobal
